
Microsoft Visual Studio Solution File, Format Version 12.00
# Visual Studio Version 16
VisualStudioVersion = 16.0.30114.105
MinimumVisualStudioVersion = 10.0.40219.1
Project("{2150E333-8FDC-42A3-9474-1A3956D46DE8}") = "src", "src", "{BD1361E4-C632-4595-B759-219A9C9EA0B3}"
EndProject
Project("{2150E333-8FDC-42A3-9474-1A3956D46DE8}") = "Services", "Services", "{3583C65D-F2A0-4A1E-809B-3334229E020A}"
EndProject
Project("{2150E333-8FDC-42A3-9474-1A3956D46DE8}") = "Catalog", "Catalog", "{21094B2B-7344-48D4-98F7-322ED7198FB0}"
EndProject
Project("{FAE04EC0-301F-11D3-BF4B-00C04F79EFBC}") = "Catalog.API", "src\Services\Catalog\Catalog.API\Catalog.API.csproj", "{1853B54A-80F9-4D4A-A6D7-97CD853B980C}"
EndProject
Project("{2150E333-8FDC-42A3-9474-1A3956D46DE8}") = "Applicant", "Applicant", "{9D75F597-5676-44D4-ADF3-C49503AFA20E}"
EndProject
Project("{FAE04EC0-301F-11D3-BF4B-00C04F79EFBC}") = "Applicant.API", "src\Services\Applicant\Applicant.API\Applicant.API.csproj", "{92274DFF-E23E-4534-B725-4C01486025BA}"
EndProject
Project("{FAE04EC0-301F-11D3-BF4B-00C04F79EFBC}") = "Applicant.Domain", "src\Services\Applicant\Applicant.Domain\Applicant.Domain.csproj", "{589ABB6B-163E-499C-8307-C0B24C02F6BC}"
EndProject
Project("{FAE04EC0-301F-11D3-BF4B-00C04F79EFBC}") = "Applicant.Persistance", "src\Services\Applicant\Applicant.Persistance\Applicant.Persistance.csproj", "{7FEFC52F-C319-4FD2-95C3-C3309D317E8C}"
EndProject
Project("{FAE04EC0-301F-11D3-BF4B-00C04F79EFBC}") = "Applicant.Core", "src\Services\Applicant\Applicant.Core\Applicant.Core.csproj", "{8194A03F-ECF2-4CCC-920A-4B7571C33EDC}"
EndProject
Global
	GlobalSection(SolutionConfigurationPlatforms) = preSolution
		Debug|Any CPU = Debug|Any CPU
		Debug|x64 = Debug|x64
		Debug|x86 = Debug|x86
		Release|Any CPU = Release|Any CPU
		Release|x64 = Release|x64
		Release|x86 = Release|x86
	EndGlobalSection
	GlobalSection(SolutionProperties) = preSolution
		HideSolutionNode = FALSE
	EndGlobalSection
	GlobalSection(ProjectConfigurationPlatforms) = postSolution
		{1853B54A-80F9-4D4A-A6D7-97CD853B980C}.Debug|Any CPU.ActiveCfg = Debug|Any CPU
		{1853B54A-80F9-4D4A-A6D7-97CD853B980C}.Debug|Any CPU.Build.0 = Debug|Any CPU
		{1853B54A-80F9-4D4A-A6D7-97CD853B980C}.Debug|x64.ActiveCfg = Debug|Any CPU
		{1853B54A-80F9-4D4A-A6D7-97CD853B980C}.Debug|x64.Build.0 = Debug|Any CPU
		{1853B54A-80F9-4D4A-A6D7-97CD853B980C}.Debug|x86.ActiveCfg = Debug|Any CPU
		{1853B54A-80F9-4D4A-A6D7-97CD853B980C}.Debug|x86.Build.0 = Debug|Any CPU
		{1853B54A-80F9-4D4A-A6D7-97CD853B980C}.Release|Any CPU.ActiveCfg = Release|Any CPU
		{1853B54A-80F9-4D4A-A6D7-97CD853B980C}.Release|Any CPU.Build.0 = Release|Any CPU
		{1853B54A-80F9-4D4A-A6D7-97CD853B980C}.Release|x64.ActiveCfg = Release|Any CPU
		{1853B54A-80F9-4D4A-A6D7-97CD853B980C}.Release|x64.Build.0 = Release|Any CPU
		{1853B54A-80F9-4D4A-A6D7-97CD853B980C}.Release|x86.ActiveCfg = Release|Any CPU
		{1853B54A-80F9-4D4A-A6D7-97CD853B980C}.Release|x86.Build.0 = Release|Any CPU
		{92274DFF-E23E-4534-B725-4C01486025BA}.Debug|Any CPU.ActiveCfg = Debug|Any CPU
		{92274DFF-E23E-4534-B725-4C01486025BA}.Debug|Any CPU.Build.0 = Debug|Any CPU
		{92274DFF-E23E-4534-B725-4C01486025BA}.Debug|x64.ActiveCfg = Debug|Any CPU
		{92274DFF-E23E-4534-B725-4C01486025BA}.Debug|x64.Build.0 = Debug|Any CPU
		{92274DFF-E23E-4534-B725-4C01486025BA}.Debug|x86.ActiveCfg = Debug|Any CPU
		{92274DFF-E23E-4534-B725-4C01486025BA}.Debug|x86.Build.0 = Debug|Any CPU
		{92274DFF-E23E-4534-B725-4C01486025BA}.Release|Any CPU.ActiveCfg = Release|Any CPU
		{92274DFF-E23E-4534-B725-4C01486025BA}.Release|Any CPU.Build.0 = Release|Any CPU
		{92274DFF-E23E-4534-B725-4C01486025BA}.Release|x64.ActiveCfg = Release|Any CPU
		{92274DFF-E23E-4534-B725-4C01486025BA}.Release|x64.Build.0 = Release|Any CPU
		{92274DFF-E23E-4534-B725-4C01486025BA}.Release|x86.ActiveCfg = Release|Any CPU
		{92274DFF-E23E-4534-B725-4C01486025BA}.Release|x86.Build.0 = Release|Any CPU
		{7F88E0F2-D78D-4E43-B72A-E2B5BDD42247}.Debug|Any CPU.ActiveCfg = Debug|Any CPU
		{7F88E0F2-D78D-4E43-B72A-E2B5BDD42247}.Debug|Any CPU.Build.0 = Debug|Any CPU
		{7F88E0F2-D78D-4E43-B72A-E2B5BDD42247}.Debug|x64.ActiveCfg = Debug|Any CPU
		{7F88E0F2-D78D-4E43-B72A-E2B5BDD42247}.Debug|x64.Build.0 = Debug|Any CPU
		{7F88E0F2-D78D-4E43-B72A-E2B5BDD42247}.Debug|x86.ActiveCfg = Debug|Any CPU
		{7F88E0F2-D78D-4E43-B72A-E2B5BDD42247}.Debug|x86.Build.0 = Debug|Any CPU
		{7F88E0F2-D78D-4E43-B72A-E2B5BDD42247}.Release|Any CPU.ActiveCfg = Release|Any CPU
		{7F88E0F2-D78D-4E43-B72A-E2B5BDD42247}.Release|Any CPU.Build.0 = Release|Any CPU
		{7F88E0F2-D78D-4E43-B72A-E2B5BDD42247}.Release|x64.ActiveCfg = Release|Any CPU
		{7F88E0F2-D78D-4E43-B72A-E2B5BDD42247}.Release|x64.Build.0 = Release|Any CPU
		{7F88E0F2-D78D-4E43-B72A-E2B5BDD42247}.Release|x86.ActiveCfg = Release|Any CPU
		{7F88E0F2-D78D-4E43-B72A-E2B5BDD42247}.Release|x86.Build.0 = Release|Any CPU
		{589ABB6B-163E-499C-8307-C0B24C02F6BC}.Debug|Any CPU.ActiveCfg = Debug|Any CPU
		{589ABB6B-163E-499C-8307-C0B24C02F6BC}.Debug|Any CPU.Build.0 = Debug|Any CPU
		{589ABB6B-163E-499C-8307-C0B24C02F6BC}.Debug|x64.ActiveCfg = Debug|Any CPU
		{589ABB6B-163E-499C-8307-C0B24C02F6BC}.Debug|x64.Build.0 = Debug|Any CPU
		{589ABB6B-163E-499C-8307-C0B24C02F6BC}.Debug|x86.ActiveCfg = Debug|Any CPU
		{589ABB6B-163E-499C-8307-C0B24C02F6BC}.Debug|x86.Build.0 = Debug|Any CPU
		{589ABB6B-163E-499C-8307-C0B24C02F6BC}.Release|Any CPU.ActiveCfg = Release|Any CPU
		{589ABB6B-163E-499C-8307-C0B24C02F6BC}.Release|Any CPU.Build.0 = Release|Any CPU
		{589ABB6B-163E-499C-8307-C0B24C02F6BC}.Release|x64.ActiveCfg = Release|Any CPU
		{589ABB6B-163E-499C-8307-C0B24C02F6BC}.Release|x64.Build.0 = Release|Any CPU
		{589ABB6B-163E-499C-8307-C0B24C02F6BC}.Release|x86.ActiveCfg = Release|Any CPU
		{589ABB6B-163E-499C-8307-C0B24C02F6BC}.Release|x86.Build.0 = Release|Any CPU
		{7FEFC52F-C319-4FD2-95C3-C3309D317E8C}.Debug|Any CPU.ActiveCfg = Debug|Any CPU
		{7FEFC52F-C319-4FD2-95C3-C3309D317E8C}.Debug|Any CPU.Build.0 = Debug|Any CPU
		{7FEFC52F-C319-4FD2-95C3-C3309D317E8C}.Debug|x64.ActiveCfg = Debug|Any CPU
		{7FEFC52F-C319-4FD2-95C3-C3309D317E8C}.Debug|x64.Build.0 = Debug|Any CPU
		{7FEFC52F-C319-4FD2-95C3-C3309D317E8C}.Debug|x86.ActiveCfg = Debug|Any CPU
		{7FEFC52F-C319-4FD2-95C3-C3309D317E8C}.Debug|x86.Build.0 = Debug|Any CPU
		{7FEFC52F-C319-4FD2-95C3-C3309D317E8C}.Release|Any CPU.ActiveCfg = Release|Any CPU
		{7FEFC52F-C319-4FD2-95C3-C3309D317E8C}.Release|Any CPU.Build.0 = Release|Any CPU
		{7FEFC52F-C319-4FD2-95C3-C3309D317E8C}.Release|x64.ActiveCfg = Release|Any CPU
		{7FEFC52F-C319-4FD2-95C3-C3309D317E8C}.Release|x64.Build.0 = Release|Any CPU
		{7FEFC52F-C319-4FD2-95C3-C3309D317E8C}.Release|x86.ActiveCfg = Release|Any CPU
		{7FEFC52F-C319-4FD2-95C3-C3309D317E8C}.Release|x86.Build.0 = Release|Any CPU
		{8194A03F-ECF2-4CCC-920A-4B7571C33EDC}.Debug|Any CPU.ActiveCfg = Debug|Any CPU
		{8194A03F-ECF2-4CCC-920A-4B7571C33EDC}.Debug|Any CPU.Build.0 = Debug|Any CPU
		{8194A03F-ECF2-4CCC-920A-4B7571C33EDC}.Debug|x64.ActiveCfg = Debug|Any CPU
		{8194A03F-ECF2-4CCC-920A-4B7571C33EDC}.Debug|x64.Build.0 = Debug|Any CPU
		{8194A03F-ECF2-4CCC-920A-4B7571C33EDC}.Debug|x86.ActiveCfg = Debug|Any CPU
		{8194A03F-ECF2-4CCC-920A-4B7571C33EDC}.Debug|x86.Build.0 = Debug|Any CPU
		{8194A03F-ECF2-4CCC-920A-4B7571C33EDC}.Release|Any CPU.ActiveCfg = Release|Any CPU
		{8194A03F-ECF2-4CCC-920A-4B7571C33EDC}.Release|Any CPU.Build.0 = Release|Any CPU
		{8194A03F-ECF2-4CCC-920A-4B7571C33EDC}.Release|x64.ActiveCfg = Release|Any CPU
		{8194A03F-ECF2-4CCC-920A-4B7571C33EDC}.Release|x64.Build.0 = Release|Any CPU
		{8194A03F-ECF2-4CCC-920A-4B7571C33EDC}.Release|x86.ActiveCfg = Release|Any CPU
		{8194A03F-ECF2-4CCC-920A-4B7571C33EDC}.Release|x86.Build.0 = Release|Any CPU
	EndGlobalSection
	GlobalSection(NestedProjects) = preSolution
		{3583C65D-F2A0-4A1E-809B-3334229E020A} = {BD1361E4-C632-4595-B759-219A9C9EA0B3}
		{21094B2B-7344-48D4-98F7-322ED7198FB0} = {3583C65D-F2A0-4A1E-809B-3334229E020A}
		{1853B54A-80F9-4D4A-A6D7-97CD853B980C} = {21094B2B-7344-48D4-98F7-322ED7198FB0}
		{9D75F597-5676-44D4-ADF3-C49503AFA20E} = {3583C65D-F2A0-4A1E-809B-3334229E020A}
		{92274DFF-E23E-4534-B725-4C01486025BA} = {9D75F597-5676-44D4-ADF3-C49503AFA20E}
		{7F88E0F2-D78D-4E43-B72A-E2B5BDD42247} = {9D75F597-5676-44D4-ADF3-C49503AFA20E}
		{589ABB6B-163E-499C-8307-C0B24C02F6BC} = {9D75F597-5676-44D4-ADF3-C49503AFA20E}
		{7FEFC52F-C319-4FD2-95C3-C3309D317E8C} = {9D75F597-5676-44D4-ADF3-C49503AFA20E}
		{8194A03F-ECF2-4CCC-920A-4B7571C33EDC} = {9D75F597-5676-44D4-ADF3-C49503AFA20E}
	EndGlobalSection
EndGlobal
