
Microsoft Visual Studio Solution File, Format Version 12.00
# Visual Studio Version 16
VisualStudioVersion = 16.0.30114.105
MinimumVisualStudioVersion = 10.0.40219.1
Project("{2150E333-8FDC-42A3-9474-1A3956D46DE8}") = "src", "src", "{BD1361E4-C632-4595-B759-219A9C9EA0B3}"
EndProject
Project("{2150E333-8FDC-42A3-9474-1A3956D46DE8}") = "Services", "Services", "{3583C65D-F2A0-4A1E-809B-3334229E020A}"
EndProject
Project("{2150E333-8FDC-42A3-9474-1A3956D46DE8}") = "Catalog", "Catalog", "{21094B2B-7344-48D4-98F7-322ED7198FB0}"
EndProject
Project("{FAE04EC0-301F-11D3-BF4B-00C04F79EFBC}") = "Catalog.API", "src\Services\Catalog\Catalog.API\Catalog.API.csproj", "{1853B54A-80F9-4D4A-A6D7-97CD853B980C}"
EndProject
Global
	GlobalSection(SolutionConfigurationPlatforms) = preSolution
		Debug|Any CPU = Debug|Any CPU
		Debug|x64 = Debug|x64
		Debug|x86 = Debug|x86
		Release|Any CPU = Release|Any CPU
		Release|x64 = Release|x64
		Release|x86 = Release|x86
	EndGlobalSection
	GlobalSection(SolutionProperties) = preSolution
		HideSolutionNode = FALSE
	EndGlobalSection
	GlobalSection(ProjectConfigurationPlatforms) = postSolution
		{1853B54A-80F9-4D4A-A6D7-97CD853B980C}.Debug|Any CPU.ActiveCfg = Debug|Any CPU
		{1853B54A-80F9-4D4A-A6D7-97CD853B980C}.Debug|Any CPU.Build.0 = Debug|Any CPU
		{1853B54A-80F9-4D4A-A6D7-97CD853B980C}.Debug|x64.ActiveCfg = Debug|Any CPU
		{1853B54A-80F9-4D4A-A6D7-97CD853B980C}.Debug|x64.Build.0 = Debug|Any CPU
		{1853B54A-80F9-4D4A-A6D7-97CD853B980C}.Debug|x86.ActiveCfg = Debug|Any CPU
		{1853B54A-80F9-4D4A-A6D7-97CD853B980C}.Debug|x86.Build.0 = Debug|Any CPU
		{1853B54A-80F9-4D4A-A6D7-97CD853B980C}.Release|Any CPU.ActiveCfg = Release|Any CPU
		{1853B54A-80F9-4D4A-A6D7-97CD853B980C}.Release|Any CPU.Build.0 = Release|Any CPU
		{1853B54A-80F9-4D4A-A6D7-97CD853B980C}.Release|x64.ActiveCfg = Release|Any CPU
		{1853B54A-80F9-4D4A-A6D7-97CD853B980C}.Release|x64.Build.0 = Release|Any CPU
		{1853B54A-80F9-4D4A-A6D7-97CD853B980C}.Release|x86.ActiveCfg = Release|Any CPU
		{1853B54A-80F9-4D4A-A6D7-97CD853B980C}.Release|x86.Build.0 = Release|Any CPU
	EndGlobalSection
	GlobalSection(NestedProjects) = preSolution
		{3583C65D-F2A0-4A1E-809B-3334229E020A} = {BD1361E4-C632-4595-B759-219A9C9EA0B3}
		{21094B2B-7344-48D4-98F7-322ED7198FB0} = {3583C65D-F2A0-4A1E-809B-3334229E020A}
		{1853B54A-80F9-4D4A-A6D7-97CD853B980C} = {21094B2B-7344-48D4-98F7-322ED7198FB0}
	EndGlobalSection
EndGlobal
